dependencies:
  espressif/bme280:
    component_hash: 873d97d0bd30004f45d1653f078a4bafe39c1767e57d4bae0f0a13bc3a4d5e3d
    dependencies:
    - name: espressif/cmake_utilities
      registry_url: https://components.espressif.com
      require: private
      version: 0.*
    - name: espressif/i2c_bus
      registry_url: https://components.espressif.com
      require: public
      version: '*'
    - name: idf
      require: private
      version: '>=4.4'
    source:
      registry_url: https://components.espressif.com/
      type: service
    version: 0.1.1
  espressif/cmake_utilities:
    component_hash: 351350613ceafba240b761b4ea991e0f231ac7a9f59a9ee901f751bddc0bb18f
    dependencies:
    - name: idf
      require: private
      version: '>=4.1'
    source:
      registry_url: https://components.espressif.com
      type: service
    version: 0.5.3
  espressif/i2c_bus:
    component_hash: 9d9387cf2b739349112b59dc303745c42cb4e5736681b14423d319b7383ba845
    dependencies:
    - name: espressif/cmake_utilities
      registry_url: https://components.espressif.com
      require: private
      version: 0.*
    - name: idf
      require: private
      version: '>=4.0'
    source:
      registry_url: https://components.espressif.com/
      type: service
    version: 1.4.1
  idf:
    source:
      type: idf
    version: 5.4.0
direct_dependencies:
- espressif/bme280
- espressif/i2c_bus
- idf
manifest_hash: 4acbcd658197d94ca907dafb7826824058930c75b7c7bc11493791bd5f3ab74d
target: esp32
version: 2.0.0
